{
  "name": "ajax-chosen",
  "version": "0.2.0",
  "lockfileVersion": 1,
  "requires": true,
  "dependencies": {
    "coffeescript": {
      "version": "2.3.2",
      "resolved": "https://registry.npmjs.org/coffeescript/-/coffeescript-2.3.2.tgz",
      "integrity": "sha512-YObiFDoukx7qPBi/K0kUKyntEZDfBQiqs/DbrR1xzASKOBjGT7auD85/DiPeRr9k++lRj7l3uA9TNMLfyfcD/Q==",
      "dev": true
    },
    "commander": {
      "version": "2.18.0",
      "resolved": "https://registry.npmjs.org/commander/-/commander-2.18.0.tgz",
      "integrity": "sha512-6CYPa+JP2ftfRU2qkDK+UTVeQYosOg/2GbcjIcKPHfinyOLPVGXu/ovN86RP49Re5ndJK1N0kuiidFFuepc4ZQ==",
      "dev": true
    },
    "docco": {
      "version": "0.8.0",
      "resolved": "https://registry.npmjs.org/docco/-/docco-0.8.0.tgz",
      "integrity": "sha512-QcWBDnnGaT+rgC0wqynznXv0/4hd6nAFdWNs2fN4FvkH2yAnCYVeRU7GIZXNCeUQ955Lufq+TmZcSXiBa1cGQQ==",
      "dev": true,
      "requires": {
        "commander": ">= 0.5.2",
        "fs-extra": ">= 0.6.0",
        "highlight.js": ">= 8.0.x",
        "marked": ">= 0.2.7",
        "underscore": ">= 1.0.0"
      }
    },
    "fs-extra": {
      "version": "7.0.0",
      "resolved": "https://registry.npmjs.org/fs-extra/-/fs-extra-7.0.0.tgz",
      "integrity": "sha512-EglNDLRpmaTWiD/qraZn6HREAEAHJcJOmxNEYwq6xeMKnVMAy3GUcFB+wXt2C6k4CNvB/mP1y/U3dzvKKj5OtQ==",
      "dev": true,
      "requires": {
        "graceful-fs": "^4.1.2",
        "jsonfile": "^4.0.0",
        "universalify": "^0.1.0"
      }
    },
    "graceful-fs": {
      "version": "4.1.11",
      "resolved": "https://registry.npmjs.org/graceful-fs/-/graceful-fs-4.1.11.tgz",
      "integrity": "sha1-Dovf5NHduIVNZOBOp8AOKgJuVlg=",
      "dev": true
    },
    "highlight.js": {
      "version": "9.12.0",
      "resolved": "https://registry.npmjs.org/highlight.js/-/highlight.js-9.12.0.tgz",
      "integrity": "sha1-5tnb5Xy+/mB1HwKvM2GVhwyQwB4=",
      "dev": true
    },
    "jsmin": {
      "version": "1.0.1",
      "resolved": "https://registry.npmjs.org/jsmin/-/jsmin-1.0.1.tgz",
      "integrity": "sha1-570NzWSWw79IYyNb9GGj2YqjuYw=",
      "dev": true
    },
    "jsonfile": {
      "version": "4.0.0",
      "resolved": "https://registry.npmjs.org/jsonfile/-/jsonfile-4.0.0.tgz",
      "integrity": "sha1-h3Gq4HmbZAdrdmQPygWPnBDjPss=",
      "dev": true,
      "requires": {
        "graceful-fs": "^4.1.6"
      }
    },
    "marked": {
      "version": "0.5.1",
      "resolved": "https://registry.npmjs.org/marked/-/marked-0.5.1.tgz",
      "integrity": "sha512-iUkBZegCZou4AdwbKTwSW/lNDcz5OuRSl3qdcl31Ia0B2QPG0Jn+tKblh/9/eP9/6+4h27vpoh8wel/vQOV0vw==",
      "dev": true
    },
    "router-stupid": {
      "version": "0.7.0",
      "resolved": "https://registry.npmjs.org/router-stupid/-/router-stupid-0.7.0.tgz",
      "integrity": "sha1-LeKUyifvSdZJY9cDhDbn5dblxV8=",
      "dev": true
    },
    "servedir": {
      "version": "1.0.1",
      "resolved": "https://registry.npmjs.org/servedir/-/servedir-1.0.1.tgz",
      "integrity": "sha512-Ls3x9D0/eebmC9/JYG8BipRac7+e8hBt6TzUw70c/UsY0u2zjxizh+sSJSQDtNa0OxLNbZ9ZudzbwLIOeWQmEw==",
      "dev": true,
      "requires": {
        "router-stupid": "^0.7.0"
      }
    },
    "underscore": {
      "version": "1.9.1",
      "resolved": "https://registry.npmjs.org/underscore/-/underscore-1.9.1.tgz",
      "integrity": "sha512-5/4etnCkd9c8gwgowi5/om/mYO5ajCaOgdzj/oW+0eQV9WxKBDZw5+ycmKmeaTXjInS/W0BzpGLo2xR2aBwZdg==",
      "dev": true
    },
    "universalify": {
      "version": "0.1.2",
      "resolved": "https://registry.npmjs.org/universalify/-/universalify-0.1.2.tgz",
      "integrity": "sha512-rBJeI5CXAlmy1pV+617WB9J63U6XcazHHF2f2dbJix4XzpUF0RS3Zbj0FGIOCAva5P/d/GBOYaACQ1w+0azUkg==",
      "dev": true
    }
  }
}
